
Microsoft Visual Studio Solution File, Format Version 12.00
# Visual Studio 15
VisualStudioVersion = 15.0.28307.1209
MinimumVisualStudioVersion = 10.0.40219.1
Project("{FAE04EC0-301F-11D3-BF4B-00C04F79EFBC}") = "ReadingRuler", "ReadingRuler\ReadingRuler.csproj", "{F583DFA3-838B-4F3D-ADBF-9F0857E09D77}"
EndProject
Global
	GlobalSection(SolutionConfigurationPlatforms) = preSolution
		Debug|Any CPU = Debug|Any CPU
		Release|Any CPU = Release|Any CPU
	EndGlobalSection
	GlobalSection(ProjectConfigurationPlatforms) = postSolution
		{F583DFA3-838B-4F3D-ADBF-9F0857E09D77}.Debug|Any CPU.ActiveCfg = Debug|Any CPU
		{F583DFA3-838B-4F3D-ADBF-9F0857E09D77}.Debug|Any CPU.Build.0 = Debug|Any CPU
		{F583DFA3-838B-4F3D-ADBF-9F0857E09D77}.Release|Any CPU.ActiveCfg = Release|Any CPU
		{F583DFA3-838B-4F3D-ADBF-9F0857E09D77}.Release|Any CPU.Build.0 = Release|Any CPU
	EndGlobalSection
	GlobalSection(SolutionProperties) = preSolution
		HideSolutionNode = FALSE
	EndGlobalSection
	GlobalSection(ExtensibilityGlobals) = postSolution
		SolutionGuid = {85568EFD-7D2A-4598-8FC6-196284AEA68A}
	EndGlobalSection
EndGlobal
